{
  "name": "chess-opening-trainer",
  "version": "1.0.0",
  "lockfileVersion": 3,
  "requires": true,
  "packages": {
    "": {
      "name": "chess-opening-trainer",
      "version": "1.0.0",
      "dependencies": {
        "chess.js": "^1.4.0",
        "stockfish": "^16.0.0"
      }
    },
    "node_modules/chess.js": {
      "version": "1.4.0",
      "resolved": "https://registry.npmjs.org/chess.js/-/chess.js-1.4.0.tgz",
      "integrity": "sha512-BBJgrrtKQOzFLonR0l+k64A98NLemPwNsCskwb+29bRwobUa4iTm51E1kwGPbWXAcfdDa18nad6vpPPKPWarqw==",
      "license": "BSD-2-Clause"
    },
    "node_modules/stockfish": {
      "version": "16.0.0",
      "resolved": "https://registry.npmjs.org/stockfish/-/stockfish-16.0.0.tgz",
      "integrity": "sha512-uu4AqsE2x0tD+SsYzZy4UtqeH4U9zDi1V8loDFDbMwCtvumGXF9j81Pg1ZmIkUgZhwQqPxQAv8IN5oy6hZa7Bw==",
      "license": "GPL",
      "bin": {
        "stockfishjs": "stockfishjs"
      }
    }
  }
}
